
Microsoft Visual Studio Solution File, Format Version 12.00
# Visual Studio 15
VisualStudioVersion = 15.0.28307.1082
MinimumVisualStudioVersion = 10.0.40219.1
Project("{FAE04EC0-301F-11D3-BF4B-00C04F79EFBC}") = "HelloASP", "HelloASP\HelloASP.csproj", "{6555BA5C-97F4-4CDE-B565-7F6A37D71B62}"
EndProject
Global
	GlobalSection(SolutionConfigurationPlatforms) = preSolution
		Debug|Any CPU = Debug|Any CPU
		Release|Any CPU = Release|Any CPU
	EndGlobalSection
	GlobalSection(ProjectConfigurationPlatforms) = postSolution
		{6555BA5C-97F4-4CDE-B565-7F6A37D71B62}.Debug|Any CPU.ActiveCfg = Debug|Any CPU
		{6555BA5C-97F4-4CDE-B565-7F6A37D71B62}.Debug|Any CPU.Build.0 = Debug|Any CPU
		{6555BA5C-97F4-4CDE-B565-7F6A37D71B62}.Release|Any CPU.ActiveCfg = Release|Any CPU
		{6555BA5C-97F4-4CDE-B565-7F6A37D71B62}.Release|Any CPU.Build.0 = Release|Any CPU
	EndGlobalSection
	GlobalSection(SolutionProperties) = preSolution
		HideSolutionNode = FALSE
	EndGlobalSection
	GlobalSection(ExtensibilityGlobals) = postSolution
		SolutionGuid = {F104BA3F-7BE0-4B9E-A3D9-45FCA52BA2F7}
	EndGlobalSection
EndGlobal
